
Microsoft Visual Studio Solution File, Format Version 12.00
# Visual Studio Version 16
VisualStudioVersion = 16.0.31729.503
MinimumVisualStudioVersion = 10.0.40219.1
Project("{9A19103F-16F7-4668-BE54-9A1E7A4F7556}") = "Inversion of Control", "Inversion of Control\Inversion of Control.csproj", "{4D259701-742C-4182-A10E-3F9F37C414BC}"
EndProject
Project("{FAE04EC0-301F-11D3-BF4B-00C04F79EFBC}") = "UnityContainer", "UnityContainer\UnityContainer.csproj", "{CDCD9A6D-199A-4A29-A3AF-5A88924830DE}"
EndProject
Global
	GlobalSection(SolutionConfigurationPlatforms) = preSolution
		Debug|Any CPU = Debug|Any CPU
		Release|Any CPU = Release|Any CPU
	EndGlobalSection
	GlobalSection(ProjectConfigurationPlatforms) = postSolution
		{4D259701-742C-4182-A10E-3F9F37C414BC}.Debug|Any CPU.ActiveCfg = Debug|Any CPU
		{4D259701-742C-4182-A10E-3F9F37C414BC}.Debug|Any CPU.Build.0 = Debug|Any CPU
		{4D259701-742C-4182-A10E-3F9F37C414BC}.Release|Any CPU.ActiveCfg = Release|Any CPU
		{4D259701-742C-4182-A10E-3F9F37C414BC}.Release|Any CPU.Build.0 = Release|Any CPU
		{CDCD9A6D-199A-4A29-A3AF-5A88924830DE}.Debug|Any CPU.ActiveCfg = Debug|Any CPU
		{CDCD9A6D-199A-4A29-A3AF-5A88924830DE}.Debug|Any CPU.Build.0 = Debug|Any CPU
		{CDCD9A6D-199A-4A29-A3AF-5A88924830DE}.Release|Any CPU.ActiveCfg = Release|Any CPU
		{CDCD9A6D-199A-4A29-A3AF-5A88924830DE}.Release|Any CPU.Build.0 = Release|Any CPU
	EndGlobalSection
	GlobalSection(SolutionProperties) = preSolution
		HideSolutionNode = FALSE
	EndGlobalSection
	GlobalSection(ExtensibilityGlobals) = postSolution
		SolutionGuid = {3E6172FA-FBBE-443B-924D-E46F74D257C1}
	EndGlobalSection
EndGlobal
